
Microsoft Visual Studio Solution File, Format Version 12.00
# Visual Studio Version 16
VisualStudioVersion = 16.0.29613.14
MinimumVisualStudioVersion = 10.0.40219.1
Project("{9A19103F-16F7-4668-BE54-9A1E7A4F7556}") = "CoreLedger.HashValidator", "CoreLedger.HashValidator\CoreLedger.HashValidator.csproj", "{373B8AC8-E543-4DCB-B601-61FA232D6C08}"
EndProject
Project("{FAE04EC0-301F-11D3-BF4B-00C04F79EFBC}") = "CoreLedger.HashValidator.UnitTests", "CoreLedger.HashValidator.UnitTests\CoreLedger.HashValidator.UnitTests.csproj", "{94856DAC-70F1-4120-AEAA-8A9CC525A64D}"
EndProject
Global
	GlobalSection(SolutionConfigurationPlatforms) = preSolution
		Debug|Any CPU = Debug|Any CPU
		Release|Any CPU = Release|Any CPU
	EndGlobalSection
	GlobalSection(ProjectConfigurationPlatforms) = postSolution
		{373B8AC8-E543-4DCB-B601-61FA232D6C08}.Debug|Any CPU.ActiveCfg = Debug|Any CPU
		{373B8AC8-E543-4DCB-B601-61FA232D6C08}.Debug|Any CPU.Build.0 = Debug|Any CPU
		{373B8AC8-E543-4DCB-B601-61FA232D6C08}.Release|Any CPU.ActiveCfg = Release|Any CPU
		{373B8AC8-E543-4DCB-B601-61FA232D6C08}.Release|Any CPU.Build.0 = Release|Any CPU
		{94856DAC-70F1-4120-AEAA-8A9CC525A64D}.Debug|Any CPU.ActiveCfg = Debug|Any CPU
		{94856DAC-70F1-4120-AEAA-8A9CC525A64D}.Debug|Any CPU.Build.0 = Debug|Any CPU
		{94856DAC-70F1-4120-AEAA-8A9CC525A64D}.Release|Any CPU.ActiveCfg = Release|Any CPU
		{94856DAC-70F1-4120-AEAA-8A9CC525A64D}.Release|Any CPU.Build.0 = Release|Any CPU
	EndGlobalSection
	GlobalSection(SolutionProperties) = preSolution
		HideSolutionNode = FALSE
	EndGlobalSection
	GlobalSection(ExtensibilityGlobals) = postSolution
		SolutionGuid = {595EBC59-982A-43F2-ADAD-5036BF60E275}
	EndGlobalSection
EndGlobal
